// !$*UTF8*$!
{
	archiveVersion = 1;
	classes = {
	};
	objectVersion = 56;
	objects = {

/* Begin PBXBuildFile section */
		4961E29C8876254230990B34 /* Pods_FoodOrder.framework in Frameworks */ = {isa = PBXBuildFile; fileRef = 8A301CE15F85A24C421BD719 /* Pods_FoodOrder.framework */; };
		A02E9D9C856C6D81EB712985 /* Pods_FoodOrderTests.framework in Frameworks */ = {isa = PBXBuildFile; fileRef = BA73717B2DD5577EAFA52C30 /* Pods_FoodOrderTests.framework */; };
		AF126CC32A5414E1001D14F9 /* AppDelegate.swift in Sources */ = {isa = PBXBuildFile; fileRef = AF126CC22A5414E1001D14F9 /* AppDelegate.swift */; };
		AF126CC52A5414E1001D14F9 /* SceneDelegate.swift in Sources */ = {isa = PBXBuildFile; fileRef = AF126CC42A5414E1001D14F9 /* SceneDelegate.swift */; };
		AF126CCA2A5414E1001D14F9 /* Main.storyboard in Resources */ = {isa = PBXBuildFile; fileRef = AF126CC82A5414E1001D14F9 /* Main.storyboard */; };
		AF126CCC2A5414E2001D14F9 /* Assets.xcassets in Resources */ = {isa = PBXBuildFile; fileRef = AF126CCB2A5414E2001D14F9 /* Assets.xcassets */; };
		AF126CCF2A5414E2001D14F9 /* LaunchScreen.storyboard in Resources */ = {isa = PBXBuildFile; fileRef = AF126CCD2A5414E2001D14F9 /* LaunchScreen.storyboard */; };
		AF126CDA2A5414E2001D14F9 /* FoodOrderTests.swift in Sources */ = {isa = PBXBuildFile; fileRef = AF126CD92A5414E2001D14F9 /* FoodOrderTests.swift */; };
		AF126CE42A5414E3001D14F9 /* FoodOrderUITests.swift in Sources */ = {isa = PBXBuildFile; fileRef = AF126CE32A5414E3001D14F9 /* FoodOrderUITests.swift */; };
		AF126CE62A5414E3001D14F9 /* FoodOrderUITestsLaunchTests.swift in Sources */ = {isa = PBXBuildFile; fileRef = AF126CE52A5414E3001D14F9 /* FoodOrderUITestsLaunchTests.swift */; };
		AF55F1262A61562900363EAC /* CardView.swift in Sources */ = {isa = PBXBuildFile; fileRef = AF55F1252A61562900363EAC /* CardView.swift */; };
		AF55F12A2A615BFE00363EAC /* DishPortraitCollectionViewCell.swift in Sources */ = {isa = PBXBuildFile; fileRef = AF55F1282A615BFE00363EAC /* DishPortraitCollectionViewCell.swift */; };
		AF55F12B2A615BFE00363EAC /* DishPortraitCollectionViewCell.xib in Resources */ = {isa = PBXBuildFile; fileRef = AF55F1292A615BFE00363EAC /* DishPortraitCollectionViewCell.xib */; };
		AF55F12D2A615FBC00363EAC /* Dish.swift in Sources */ = {isa = PBXBuildFile; fileRef = AF55F12C2A615FBC00363EAC /* Dish.swift */; };
		AF55F1332A61858D00363EAC /* DishLandscapeCollectionViewCell.swift in Sources */ = {isa = PBXBuildFile; fileRef = AF55F1312A61858D00363EAC /* DishLandscapeCollectionViewCell.swift */; };
		AF55F1342A61858D00363EAC /* DishLandscapeCollectionViewCell.xib in Resources */ = {isa = PBXBuildFile; fileRef = AF55F1322A61858D00363EAC /* DishLandscapeCollectionViewCell.xib */; };
		AFF8229A2A595EF200F0BB52 /* OnboardingViewController.swift in Sources */ = {isa = PBXBuildFile; fileRef = AFF822992A595EF200F0BB52 /* OnboardingViewController.swift */; };
		AFF8229D2A5964D800F0BB52 /* UIView+Entension.swift in Sources */ = {isa = PBXBuildFile; fileRef = AFF8229C2A5964D800F0BB52 /* UIView+Entension.swift */; };
		AFF8229F2A596A6F00F0BB52 /* OnboardingSlide.swift in Sources */ = {isa = PBXBuildFile; fileRef = AFF8229E2A596A6F00F0BB52 /* OnboardingSlide.swift */; };
		AFF822A12A5971D000F0BB52 /* OnboardingCollectionViewCell.swift in Sources */ = {isa = PBXBuildFile; fileRef = AFF822A02A5971D000F0BB52 /* OnboardingCollectionViewCell.swift */; };
		AFF822A42A5D4FCA00F0BB52 /* HomeViewController.swift in Sources */ = {isa = PBXBuildFile; fileRef = AFF822A32A5D4FCA00F0BB52 /* HomeViewController.swift */; };
		AFF822A92A5D5E0F00F0BB52 /* CategoryCollectionViewCell.swift in Sources */ = {isa = PBXBuildFile; fileRef = AFF822A72A5D5E0F00F0BB52 /* CategoryCollectionViewCell.swift */; };
		AFF822AA2A5D5E0F00F0BB52 /* CategoryCollectionViewCell.xib in Resources */ = {isa = PBXBuildFile; fileRef = AFF822A82A5D5E0F00F0BB52 /* CategoryCollectionViewCell.xib */; };
		AFF822AC2A5D5FE200F0BB52 /* DishCategory.swift in Sources */ = {isa = PBXBuildFile; fileRef = AFF822AB2A5D5FE200F0BB52 /* DishCategory.swift */; };
		AFF822AE2A5D7A6E00F0BB52 /* String+Extension.swift in Sources */ = {isa = PBXBuildFile; fileRef = AFF822AD2A5D7A6E00F0BB52 /* String+Extension.swift */; };
		B12410111CEFDF760F5BF2CB /* Pods_FoodOrder_FoodOrderUITests.framework in Frameworks */ = {isa = PBXBuildFile; fileRef = 61381F42EB948D722C671F4D /* Pods_FoodOrder_FoodOrderUITests.framework */; };
/* End PBXBuildFile section */

/* Begin PBXContainerItemProxy section */
		AF126CD62A5414E2001D14F9 /* PBXContainerItemProxy */ = {
			isa = PBXContainerItemProxy;
			containerPortal = AF126CB72A5414E1001D14F9 /* Project object */;
			proxyType = 1;
			remoteGlobalIDString = AF126CBE2A5414E1001D14F9;
			remoteInfo = FoodOrder;
		};
		AF126CE02A5414E3001D14F9 /* PBXContainerItemProxy */ = {
			isa = PBXContainerItemProxy;
			containerPortal = AF126CB72A5414E1001D14F9 /* Project object */;
			proxyType = 1;
			remoteGlobalIDString = AF126CBE2A5414E1001D14F9;
			remoteInfo = FoodOrder;
		};
/* End PBXContainerItemProxy section */

/* Begin PBXFileReference section */
		126EBFE2A12556CC2277B8B6 /* Pods-FoodOrder.release.xcconfig */ = {isa = PBXFileReference; includeInIndex = 1; lastKnownFileType = text.xcconfig; name = "Pods-FoodOrder.release.xcconfig"; path = "Target Support Files/Pods-FoodOrder/Pods-FoodOrder.release.xcconfig"; sourceTree = "<group>"; };
		13FD1F045CD7780D79E50E98 /* Pods-FoodOrder-FoodOrderUITests.debug.xcconfig */ = {isa = PBXFileReference; includeInIndex = 1; lastKnownFileType = text.xcconfig; name = "Pods-FoodOrder-FoodOrderUITests.debug.xcconfig"; path = "Target Support Files/Pods-FoodOrder-FoodOrderUITests/Pods-FoodOrder-FoodOrderUITests.debug.xcconfig"; sourceTree = "<group>"; };
		3B350933A87845D69C97EABE /* Pods-FoodOrder.debug.xcconfig */ = {isa = PBXFileReference; includeInIndex = 1; lastKnownFileType = text.xcconfig; name = "Pods-FoodOrder.debug.xcconfig"; path = "Target Support Files/Pods-FoodOrder/Pods-FoodOrder.debug.xcconfig"; sourceTree = "<group>"; };
		61381F42EB948D722C671F4D /* Pods_FoodOrder_FoodOrderUITests.framework */ = {isa = PBXFileReference; explicitFileType = wrapper.framework; includeInIndex = 0; path = Pods_FoodOrder_FoodOrderUITests.framework; sourceTree = BUILT_PRODUCTS_DIR; };
		8A301CE15F85A24C421BD719 /* Pods_FoodOrder.framework */ = {isa = PBXFileReference; explicitFileType = wrapper.framework; includeInIndex = 0; path = Pods_FoodOrder.framework; sourceTree = BUILT_PRODUCTS_DIR; };
		A6D45FCA18003ABABB3AB983 /* Pods-FoodOrder-FoodOrderUITests.release.xcconfig */ = {isa = PBXFileReference; includeInIndex = 1; lastKnownFileType = text.xcconfig; name = "Pods-FoodOrder-FoodOrderUITests.release.xcconfig"; path = "Target Support Files/Pods-FoodOrder-FoodOrderUITests/Pods-FoodOrder-FoodOrderUITests.release.xcconfig"; sourceTree = "<group>"; };
		AF126CBF2A5414E1001D14F9 /* FoodOrder.app */ = {isa = PBXFileReference; explicitFileType = wrapper.application; includeInIndex = 0; path = FoodOrder.app; sourceTree = BUILT_PRODUCTS_DIR; };
		AF126CC22A5414E1001D14F9 /* AppDelegate.swift */ = {isa = PBXFileReference; lastKnownFileType = sourcecode.swift; path = AppDelegate.swift; sourceTree = "<group>"; };
		AF126CC42A5414E1001D14F9 /* SceneDelegate.swift */ = {isa = PBXFileReference; lastKnownFileType = sourcecode.swift; path = SceneDelegate.swift; sourceTree = "<group>"; };
		AF126CC92A5414E1001D14F9 /* Base */ = {isa = PBXFileReference; lastKnownFileType = file.storyboard; name = Base; path = Base.lproj/Main.storyboard; sourceTree = "<group>"; };
		AF126CCB2A5414E2001D14F9 /* Assets.xcassets */ = {isa = PBXFileReference; lastKnownFileType = folder.assetcatalog; path = Assets.xcassets; sourceTree = "<group>"; };
		AF126CCE2A5414E2001D14F9 /* Base */ = {isa = PBXFileReference; lastKnownFileType = file.storyboard; name = Base; path = Base.lproj/LaunchScreen.storyboard; sourceTree = "<group>"; };
		AF126CD02A5414E2001D14F9 /* Info.plist */ = {isa = PBXFileReference; lastKnownFileType = text.plist.xml; path = Info.plist; sourceTree = "<group>"; };
		AF126CD52A5414E2001D14F9 /* FoodOrderTests.xctest */ = {isa = PBXFileReference; explicitFileType = wrapper.cfbundle; includeInIndex = 0; path = FoodOrderTests.xctest; sourceTree = BUILT_PRODUCTS_DIR; };
		AF126CD92A5414E2001D14F9 /* FoodOrderTests.swift */ = {isa = PBXFileReference; lastKnownFileType = sourcecode.swift; path = FoodOrderTests.swift; sourceTree = "<group>"; };
		AF126CDF2A5414E3001D14F9 /* FoodOrderUITests.xctest */ = {isa = PBXFileReference; explicitFileType = wrapper.cfbundle; includeInIndex = 0; path = FoodOrderUITests.xctest; sourceTree = BUILT_PRODUCTS_DIR; };
		AF126CE32A5414E3001D14F9 /* FoodOrderUITests.swift */ = {isa = PBXFileReference; lastKnownFileType = sourcecode.swift; path = FoodOrderUITests.swift; sourceTree = "<group>"; };
		AF126CE52A5414E3001D14F9 /* FoodOrderUITestsLaunchTests.swift */ = {isa = PBXFileReference; lastKnownFileType = sourcecode.swift; path = FoodOrderUITestsLaunchTests.swift; sourceTree = "<group>"; };
		AF55F1252A61562900363EAC /* CardView.swift */ = {isa = PBXFileReference; lastKnownFileType = sourcecode.swift; path = CardView.swift; sourceTree = "<group>"; };
		AF55F1282A615BFE00363EAC /* DishPortraitCollectionViewCell.swift */ = {isa = PBXFileReference; lastKnownFileType = sourcecode.swift; path = DishPortraitCollectionViewCell.swift; sourceTree = "<group>"; };
		AF55F1292A615BFE00363EAC /* DishPortraitCollectionViewCell.xib */ = {isa = PBXFileReference; lastKnownFileType = file.xib; path = DishPortraitCollectionViewCell.xib; sourceTree = "<group>"; };
		AF55F12C2A615FBC00363EAC /* Dish.swift */ = {isa = PBXFileReference; lastKnownFileType = sourcecode.swift; path = Dish.swift; sourceTree = "<group>"; };
		AF55F1312A61858D00363EAC /* DishLandscapeCollectionViewCell.swift */ = {isa = PBXFileReference; lastKnownFileType = sourcecode.swift; path = DishLandscapeCollectionViewCell.swift; sourceTree = "<group>"; };
		AF55F1322A61858D00363EAC /* DishLandscapeCollectionViewCell.xib */ = {isa = PBXFileReference; lastKnownFileType = file.xib; path = DishLandscapeCollectionViewCell.xib; sourceTree = "<group>"; };
		AFF822992A595EF200F0BB52 /* OnboardingViewController.swift */ = {isa = PBXFileReference; lastKnownFileType = sourcecode.swift; path = OnboardingViewController.swift; sourceTree = "<group>"; };
		AFF8229C2A5964D800F0BB52 /* UIView+Entension.swift */ = {isa = PBXFileReference; lastKnownFileType = sourcecode.swift; path = "UIView+Entension.swift"; sourceTree = "<group>"; };
		AFF8229E2A596A6F00F0BB52 /* OnboardingSlide.swift */ = {isa = PBXFileReference; lastKnownFileType = sourcecode.swift; path = OnboardingSlide.swift; sourceTree = "<group>"; };
		AFF822A02A5971D000F0BB52 /* OnboardingCollectionViewCell.swift */ = {isa = PBXFileReference; lastKnownFileType = sourcecode.swift; path = OnboardingCollectionViewCell.swift; sourceTree = "<group>"; };
		AFF822A32A5D4FCA00F0BB52 /* HomeViewController.swift */ = {isa = PBXFileReference; lastKnownFileType = sourcecode.swift; path = HomeViewController.swift; sourceTree = "<group>"; };
		AFF822A72A5D5E0F00F0BB52 /* CategoryCollectionViewCell.swift */ = {isa = PBXFileReference; lastKnownFileType = sourcecode.swift; path = CategoryCollectionViewCell.swift; sourceTree = "<group>"; };
		AFF822A82A5D5E0F00F0BB52 /* CategoryCollectionViewCell.xib */ = {isa = PBXFileReference; lastKnownFileType = file.xib; path = CategoryCollectionViewCell.xib; sourceTree = "<group>"; };
		AFF822AB2A5D5FE200F0BB52 /* DishCategory.swift */ = {isa = PBXFileReference; lastKnownFileType = sourcecode.swift; path = DishCategory.swift; sourceTree = "<group>"; };
		AFF822AD2A5D7A6E00F0BB52 /* String+Extension.swift */ = {isa = PBXFileReference; lastKnownFileType = sourcecode.swift; path = "String+Extension.swift"; sourceTree = "<group>"; };
		BA73717B2DD5577EAFA52C30 /* Pods_FoodOrderTests.framework */ = {isa = PBXFileReference; explicitFileType = wrapper.framework; includeInIndex = 0; path = Pods_FoodOrderTests.framework; sourceTree = BUILT_PRODUCTS_DIR; };
		C1079F19AC94BCE7A51EA6E5 /* Pods-FoodOrderTests.release.xcconfig */ = {isa = PBXFileReference; includeInIndex = 1; lastKnownFileType = text.xcconfig; name = "Pods-FoodOrderTests.release.xcconfig"; path = "Target Support Files/Pods-FoodOrderTests/Pods-FoodOrderTests.release.xcconfig"; sourceTree = "<group>"; };
		D49A243042E54892C78C18FB /* Pods-FoodOrderTests.debug.xcconfig */ = {isa = PBXFileReference; includeInIndex = 1; lastKnownFileType = text.xcconfig; name = "Pods-FoodOrderTests.debug.xcconfig"; path = "Target Support Files/Pods-FoodOrderTests/Pods-FoodOrderTests.debug.xcconfig"; sourceTree = "<group>"; };
/* End PBXFileReference section */

/* Begin PBXFrameworksBuildPhase section */
		AF126CBC2A5414E1001D14F9 /* Frameworks */ = {
			isa = PBXFrameworksBuildPhase;
			buildActionMask = 2147483647;
			files = (
				4961E29C8876254230990B34 /* Pods_FoodOrder.framework in Frameworks */,
			);
			runOnlyForDeploymentPostprocessing = 0;
		};
		AF126CD22A5414E2001D14F9 /* Frameworks */ = {
			isa = PBXFrameworksBuildPhase;
			buildActionMask = 2147483647;
			files = (
				A02E9D9C856C6D81EB712985 /* Pods_FoodOrderTests.framework in Frameworks */,
			);
			runOnlyForDeploymentPostprocessing = 0;
		};
		AF126CDC2A5414E3001D14F9 /* Frameworks */ = {
			isa = PBXFrameworksBuildPhase;
			buildActionMask = 2147483647;
			files = (
				B12410111CEFDF760F5BF2CB /* Pods_FoodOrder_FoodOrderUITests.framework in Frameworks */,
			);
			runOnlyForDeploymentPostprocessing = 0;
		};
/* End PBXFrameworksBuildPhase section */

/* Begin PBXGroup section */
		07B91402701241D18A2FE954 /* Frameworks */ = {
			isa = PBXGroup;
			children = (
				8A301CE15F85A24C421BD719 /* Pods_FoodOrder.framework */,
				61381F42EB948D722C671F4D /* Pods_FoodOrder_FoodOrderUITests.framework */,
				BA73717B2DD5577EAFA52C30 /* Pods_FoodOrderTests.framework */,
			);
			name = Frameworks;
			sourceTree = "<group>";
		};
		AF126CB62A5414E1001D14F9 = {
			isa = PBXGroup;
			children = (
				AF126CC12A5414E1001D14F9 /* FoodOrder */,
				AF126CD82A5414E2001D14F9 /* FoodOrderTests */,
				AF126CE22A5414E3001D14F9 /* FoodOrderUITests */,
				AF126CC02A5414E1001D14F9 /* Products */,
				B489DC53A0F955BBD5F62F49 /* Pods */,
				07B91402701241D18A2FE954 /* Frameworks */,
			);
			sourceTree = "<group>";
		};
		AF126CC02A5414E1001D14F9 /* Products */ = {
			isa = PBXGroup;
			children = (
				AF126CBF2A5414E1001D14F9 /* FoodOrder.app */,
				AF126CD52A5414E2001D14F9 /* FoodOrderTests.xctest */,
				AF126CDF2A5414E3001D14F9 /* FoodOrderUITests.xctest */,
			);
			name = Products;
			sourceTree = "<group>";
		};
		AF126CC12A5414E1001D14F9 /* FoodOrder */ = {
			isa = PBXGroup;
			children = (
				AFF8229B2A5964A900F0BB52 /* Extensions */,
				AFF822972A595E9300F0BB52 /* CustomViews */,
				AFF822962A595E6F00F0BB52 /* Views */,
				AFF822952A595E4500F0BB52 /* Models */,
				AF126CC22A5414E1001D14F9 /* AppDelegate.swift */,
				AF126CC42A5414E1001D14F9 /* SceneDelegate.swift */,
				AF126CC82A5414E1001D14F9 /* Main.storyboard */,
				AF126CCB2A5414E2001D14F9 /* Assets.xcassets */,
				AF126CCD2A5414E2001D14F9 /* LaunchScreen.storyboard */,
				AF126CD02A5414E2001D14F9 /* Info.plist */,
			);
			path = FoodOrder;
			sourceTree = "<group>";
		};
		AF126CD82A5414E2001D14F9 /* FoodOrderTests */ = {
			isa = PBXGroup;
			children = (
				AF126CD92A5414E2001D14F9 /* FoodOrderTests.swift */,
			);
			path = FoodOrderTests;
			sourceTree = "<group>";
		};
		AF126CE22A5414E3001D14F9 /* FoodOrderUITests */ = {
			isa = PBXGroup;
			children = (
				AF126CE32A5414E3001D14F9 /* FoodOrderUITests.swift */,
				AF126CE52A5414E3001D14F9 /* FoodOrderUITestsLaunchTests.swift */,
			);
			path = FoodOrderUITests;
			sourceTree = "<group>";
		};
		AF55F1242A61560000363EAC /* CardView */ = {
			isa = PBXGroup;
			children = (
				AF55F1252A61562900363EAC /* CardView.swift */,
			);
			path = CardView;
			sourceTree = "<group>";
		};
		AF55F1272A615BA400363EAC /* DishPortraitCollectionViewCell */ = {
			isa = PBXGroup;
			children = (
				AF55F1282A615BFE00363EAC /* DishPortraitCollectionViewCell.swift */,
				AF55F1292A615BFE00363EAC /* DishPortraitCollectionViewCell.xib */,
			);
			path = DishPortraitCollectionViewCell;
			sourceTree = "<group>";
		};
		AF55F12E2A6184D800363EAC /* DishLandscapeCollectionViewCell */ = {
			isa = PBXGroup;
			children = (
				AF55F1312A61858D00363EAC /* DishLandscapeCollectionViewCell.swift */,
				AF55F1322A61858D00363EAC /* DishLandscapeCollectionViewCell.xib */,
			);
			path = DishLandscapeCollectionViewCell;
			sourceTree = "<group>";
		};
		AFF822952A595E4500F0BB52 /* Models */ = {
			isa = PBXGroup;
			children = (
				AFF8229E2A596A6F00F0BB52 /* OnboardingSlide.swift */,
				AFF822AB2A5D5FE200F0BB52 /* DishCategory.swift */,
				AF55F12C2A615FBC00363EAC /* Dish.swift */,
			);
			path = Models;
			sourceTree = "<group>";
		};
		AFF822962A595E6F00F0BB52 /* Views */ = {
			isa = PBXGroup;
			children = (
				AFF822A22A5D4F9700F0BB52 /* Home */,
				AFF822982A595EB000F0BB52 /* Onboarding */,
			);
			path = Views;
			sourceTree = "<group>";
		};
		AFF822972A595E9300F0BB52 /* CustomViews */ = {
			isa = PBXGroup;
			children = (
				AF55F1242A61560000363EAC /* CardView */,
				AFF822A52A5D5DB100F0BB52 /* CollectionViewCells */,
			);
			path = CustomViews;
			sourceTree = "<group>";
		};
		AFF822982A595EB000F0BB52 /* Onboarding */ = {
			isa = PBXGroup;
			children = (
				AFF822992A595EF200F0BB52 /* OnboardingViewController.swift */,
				AFF822A02A5971D000F0BB52 /* OnboardingCollectionViewCell.swift */,
			);
			path = Onboarding;
			sourceTree = "<group>";
		};
		AFF8229B2A5964A900F0BB52 /* Extensions */ = {
			isa = PBXGroup;
			children = (
				AFF8229C2A5964D800F0BB52 /* UIView+Entension.swift */,
				AFF822AD2A5D7A6E00F0BB52 /* String+Extension.swift */,
			);
			path = Extensions;
			sourceTree = "<group>";
		};
		AFF822A22A5D4F9700F0BB52 /* Home */ = {
			isa = PBXGroup;
			children = (
				AFF822A32A5D4FCA00F0BB52 /* HomeViewController.swift */,
			);
			path = Home;
			sourceTree = "<group>";
		};
		AFF822A52A5D5DB100F0BB52 /* CollectionViewCells */ = {
			isa = PBXGroup;
			children = (
				AF55F12E2A6184D800363EAC /* DishLandscapeCollectionViewCell */,
				AF55F1272A615BA400363EAC /* DishPortraitCollectionViewCell */,
				AFF822A62A5D5DCC00F0BB52 /* CategoryCollectionViewCell */,
			);
			path = CollectionViewCells;
			sourceTree = "<group>";
		};
		AFF822A62A5D5DCC00F0BB52 /* CategoryCollectionViewCell */ = {
			isa = PBXGroup;
			children = (
				AFF822A72A5D5E0F00F0BB52 /* CategoryCollectionViewCell.swift */,
				AFF822A82A5D5E0F00F0BB52 /* CategoryCollectionViewCell.xib */,
			);
			path = CategoryCollectionViewCell;
			sourceTree = "<group>";
		};
		B489DC53A0F955BBD5F62F49 /* Pods */ = {
			isa = PBXGroup;
			children = (
				3B350933A87845D69C97EABE /* Pods-FoodOrder.debug.xcconfig */,
				126EBFE2A12556CC2277B8B6 /* Pods-FoodOrder.release.xcconfig */,
				13FD1F045CD7780D79E50E98 /* Pods-FoodOrder-FoodOrderUITests.debug.xcconfig */,
				A6D45FCA18003ABABB3AB983 /* Pods-FoodOrder-FoodOrderUITests.release.xcconfig */,
				D49A243042E54892C78C18FB /* Pods-FoodOrderTests.debug.xcconfig */,
				C1079F19AC94BCE7A51EA6E5 /* Pods-FoodOrderTests.release.xcconfig */,
			);
			path = Pods;
			sourceTree = "<group>";
		};
/* End PBXGroup section */

/* Begin PBXNativeTarget section */
		AF126CBE2A5414E1001D14F9 /* FoodOrder */ = {
			isa = PBXNativeTarget;
			buildConfigurationList = AF126CE92A5414E3001D14F9 /* Build configuration list for PBXNativeTarget "FoodOrder" */;
			buildPhases = (
				301DC1EA53E4822E68AE78FD /* [CP] Check Pods Manifest.lock */,
				AF126CBB2A5414E1001D14F9 /* Sources */,
				AF126CBC2A5414E1001D14F9 /* Frameworks */,
				AF126CBD2A5414E1001D14F9 /* Resources */,
				A0266BA0F75F534785631329 /* [CP] Embed Pods Frameworks */,
			);
			buildRules = (
			);
			dependencies = (
			);
			name = FoodOrder;
			productName = FoodOrder;
			productReference = AF126CBF2A5414E1001D14F9 /* FoodOrder.app */;
			productType = "com.apple.product-type.application";
		};
		AF126CD42A5414E2001D14F9 /* FoodOrderTests */ = {
			isa = PBXNativeTarget;
			buildConfigurationList = AF126CEC2A5414E3001D14F9 /* Build configuration list for PBXNativeTarget "FoodOrderTests" */;
			buildPhases = (
				A2C7FBE34765071422D6563F /* [CP] Check Pods Manifest.lock */,
				AF126CD12A5414E2001D14F9 /* Sources */,
				AF126CD22A5414E2001D14F9 /* Frameworks */,
				AF126CD32A5414E2001D14F9 /* Resources */,
			);
			buildRules = (
			);
			dependencies = (
				AF126CD72A5414E2001D14F9 /* PBXTargetDependency */,
			);
			name = FoodOrderTests;
			productName = FoodOrderTests;
			productReference = AF126CD52A5414E2001D14F9 /* FoodOrderTests.xctest */;
			productType = "com.apple.product-type.bundle.unit-test";
		};
		AF126CDE2A5414E3001D14F9 /* FoodOrderUITests */ = {
			isa = PBXNativeTarget;
			buildConfigurationList = AF126CEF2A5414E3001D14F9 /* Build configuration list for PBXNativeTarget "FoodOrderUITests" */;
			buildPhases = (
				A3E747B8E6566D899F95F5E1 /* [CP] Check Pods Manifest.lock */,
				AF126CDB2A5414E3001D14F9 /* Sources */,
				AF126CDC2A5414E3001D14F9 /* Frameworks */,
				AF126CDD2A5414E3001D14F9 /* Resources */,
				341D67CC86953E184B5C0D76 /* [CP] Embed Pods Frameworks */,
			);
			buildRules = (
			);
			dependencies = (
				AF126CE12A5414E3001D14F9 /* PBXTargetDependency */,
			);
			name = FoodOrderUITests;
			productName = FoodOrderUITests;
			productReference = AF126CDF2A5414E3001D14F9 /* FoodOrderUITests.xctest */;
			productType = "com.apple.product-type.bundle.ui-testing";
		};
/* End PBXNativeTarget section */

/* Begin PBXProject section */
		AF126CB72A5414E1001D14F9 /* Project object */ = {
			isa = PBXProject;
			attributes = {
				BuildIndependentTargetsInParallel = 1;
				LastSwiftUpdateCheck = 1500;
				LastUpgradeCheck = 1500;
				TargetAttributes = {
					AF126CBE2A5414E1001D14F9 = {
						CreatedOnToolsVersion = 15.0;
					};
					AF126CD42A5414E2001D14F9 = {
						CreatedOnToolsVersion = 15.0;
						TestTargetID = AF126CBE2A5414E1001D14F9;
					};
					AF126CDE2A5414E3001D14F9 = {
						CreatedOnToolsVersion = 15.0;
						TestTargetID = AF126CBE2A5414E1001D14F9;
					};
				};
			};
			buildConfigurationList = AF126CBA2A5414E1001D14F9 /* Build configuration list for PBXProject "FoodOrder" */;
			compatibilityVersion = "Xcode 14.0";
			developmentRegion = en;
			hasScannedForEncodings = 0;
			knownRegions = (
				en,
				Base,
			);
			mainGroup = AF126CB62A5414E1001D14F9;
			productRefGroup = AF126CC02A5414E1001D14F9 /* Products */;
			projectDirPath = "";
			projectRoot = "";
			targets = (
				AF126CBE2A5414E1001D14F9 /* FoodOrder */,
				AF126CD42A5414E2001D14F9 /* FoodOrderTests */,
				AF126CDE2A5414E3001D14F9 /* FoodOrderUITests */,
			);
		};
/* End PBXProject section */

/* Begin PBXResourcesBuildPhase section */
		AF126CBD2A5414E1001D14F9 /* Resources */ = {
			isa = PBXResourcesBuildPhase;
			buildActionMask = 2147483647;
			files = (
				AFF822AA2A5D5E0F00F0BB52 /* CategoryCollectionViewCell.xib in Resources */,
				AF126CCF2A5414E2001D14F9 /* LaunchScreen.storyboard in Resources */,
				AF55F12B2A615BFE00363EAC /* DishPortraitCollectionViewCell.xib in Resources */,
				AF126CCC2A5414E2001D14F9 /* Assets.xcassets in Resources */,
				AF55F1342A61858D00363EAC /* DishLandscapeCollectionViewCell.xib in Resources */,
				AF126CCA2A5414E1001D14F9 /* Main.storyboard in Resources */,
			);
			runOnlyForDeploymentPostprocessing = 0;
		};
		AF126CD32A5414E2001D14F9 /* Resources */ = {
			isa = PBXResourcesBuildPhase;
			buildActionMask = 2147483647;
			files = (
			);
			runOnlyForDeploymentPostprocessing = 0;
		};
		AF126CDD2A5414E3001D14F9 /* Resources */ = {
			isa = PBXResourcesBuildPhase;
			buildActionMask = 2147483647;
			files = (
			);
			runOnlyForDeploymentPostprocessing = 0;
		};
/* End PBXResourcesBuildPhase section */

/* Begin PBXShellScriptBuildPhase section */
		301DC1EA53E4822E68AE78FD /* [CP] Check Pods Manifest.lock */ = {
			isa = PBXShellScriptBuildPhase;
			buildActionMask = 2147483647;
			files = (
			);
			inputFileListPaths = (
			);
			inputPaths = (
				"${PODS_PODFILE_DIR_PATH}/Podfile.lock",
				"${PODS_ROOT}/Manifest.lock",
			);
			name = "[CP] Check Pods Manifest.lock";
			outputFileListPaths = (
			);
			outputPaths = (
				"$(DERIVED_FILE_DIR)/Pods-FoodOrder-checkManifestLockResult.txt",
			);
			runOnlyForDeploymentPostprocessing = 0;
			shellPath = /bin/sh;
			shellScript = "diff \"${PODS_PODFILE_DIR_PATH}/Podfile.lock\" \"${PODS_ROOT}/Manifest.lock\" > /dev/null\nif [ $? != 0 ] ; then\n    # print error to STDERR\n    echo \"error: The sandbox is not in sync with the Podfile.lock. Run 'pod install' or update your CocoaPods installation.\" >&2\n    exit 1\nfi\n# This output is used by Xcode 'outputs' to avoid re-running this script phase.\necho \"SUCCESS\" > \"${SCRIPT_OUTPUT_FILE_0}\"\n";
			showEnvVarsInLog = 0;
		};
		341D67CC86953E184B5C0D76 /* [CP] Embed Pods Frameworks */ = {
			isa = PBXShellScriptBuildPhase;
			buildActionMask = 2147483647;
			files = (
			);
			inputFileListPaths = (
				"${PODS_ROOT}/Target Support Files/Pods-FoodOrder-FoodOrderUITests/Pods-FoodOrder-FoodOrderUITests-frameworks-${CONFIGURATION}-input-files.xcfilelist",
			);
			name = "[CP] Embed Pods Frameworks";
			outputFileListPaths = (
				"${PODS_ROOT}/Target Support Files/Pods-FoodOrder-FoodOrderUITests/Pods-FoodOrder-FoodOrderUITests-frameworks-${CONFIGURATION}-output-files.xcfilelist",
			);
			runOnlyForDeploymentPostprocessing = 0;
			shellPath = /bin/sh;
			shellScript = "\"${PODS_ROOT}/Target Support Files/Pods-FoodOrder-FoodOrderUITests/Pods-FoodOrder-FoodOrderUITests-frameworks.sh\"\n";
			showEnvVarsInLog = 0;
		};
		A0266BA0F75F534785631329 /* [CP] Embed Pods Frameworks */ = {
			isa = PBXShellScriptBuildPhase;
			buildActionMask = 2147483647;
			files = (
			);
			inputFileListPaths = (
				"${PODS_ROOT}/Target Support Files/Pods-FoodOrder/Pods-FoodOrder-frameworks-${CONFIGURATION}-input-files.xcfilelist",
			);
			name = "[CP] Embed Pods Frameworks";
			outputFileListPaths = (
				"${PODS_ROOT}/Target Support Files/Pods-FoodOrder/Pods-FoodOrder-frameworks-${CONFIGURATION}-output-files.xcfilelist",
			);
			runOnlyForDeploymentPostprocessing = 0;
			shellPath = /bin/sh;
			shellScript = "\"${PODS_ROOT}/Target Support Files/Pods-FoodOrder/Pods-FoodOrder-frameworks.sh\"\n";
			showEnvVarsInLog = 0;
		};
		A2C7FBE34765071422D6563F /* [CP] Check Pods Manifest.lock */ = {
			isa = PBXShellScriptBuildPhase;
			buildActionMask = 2147483647;
			files = (
			);
			inputFileListPaths = (
			);
			inputPaths = (
				"${PODS_PODFILE_DIR_PATH}/Podfile.lock",
				"${PODS_ROOT}/Manifest.lock",
			);
			name = "[CP] Check Pods Manifest.lock";
			outputFileListPaths = (
			);
			outputPaths = (
				"$(DERIVED_FILE_DIR)/Pods-FoodOrderTests-checkManifestLockResult.txt",
			);
			runOnlyForDeploymentPostprocessing = 0;
			shellPath = /bin/sh;
			shellScript = "diff \"${PODS_PODFILE_DIR_PATH}/Podfile.lock\" \"${PODS_ROOT}/Manifest.lock\" > /dev/null\nif [ $? != 0 ] ; then\n    # print error to STDERR\n    echo \"error: The sandbox is not in sync with the Podfile.lock. Run 'pod install' or update your CocoaPods installation.\" >&2\n    exit 1\nfi\n# This output is used by Xcode 'outputs' to avoid re-running this script phase.\necho \"SUCCESS\" > \"${SCRIPT_OUTPUT_FILE_0}\"\n";
			showEnvVarsInLog = 0;
		};
		A3E747B8E6566D899F95F5E1 /* [CP] Check Pods Manifest.lock */ = {
			isa = PBXShellScriptBuildPhase;
			buildActionMask = 2147483647;
			files = (
			);
			inputFileListPaths = (
			);
			inputPaths = (
				"${PODS_PODFILE_DIR_PATH}/Podfile.lock",
				"${PODS_ROOT}/Manifest.lock",
			);
			name = "[CP] Check Pods Manifest.lock";
			outputFileListPaths = (
			);
			outputPaths = (
				"$(DERIVED_FILE_DIR)/Pods-FoodOrder-FoodOrderUITests-checkManifestLockResult.txt",
			);
			runOnlyForDeploymentPostprocessing = 0;
			shellPath = /bin/sh;
			shellScript = "diff \"${PODS_PODFILE_DIR_PATH}/Podfile.lock\" \"${PODS_ROOT}/Manifest.lock\" > /dev/null\nif [ $? != 0 ] ; then\n    # print error to STDERR\n    echo \"error: The sandbox is not in sync with the Podfile.lock. Run 'pod install' or update your CocoaPods installation.\" >&2\n    exit 1\nfi\n# This output is used by Xcode 'outputs' to avoid re-running this script phase.\necho \"SUCCESS\" > \"${SCRIPT_OUTPUT_FILE_0}\"\n";
			showEnvVarsInLog = 0;
		};
/* End PBXShellScriptBuildPhase section */

/* Begin PBXSourcesBuildPhase section */
		AF126CBB2A5414E1001D14F9 /* Sources */ = {
			isa = PBXSourcesBuildPhase;
			buildActionMask = 2147483647;
			files = (
				AFF822A92A5D5E0F00F0BB52 /* CategoryCollectionViewCell.swift in Sources */,
				AFF8229F2A596A6F00F0BB52 /* OnboardingSlide.swift in Sources */,
				AFF8229D2A5964D800F0BB52 /* UIView+Entension.swift in Sources */,
				AF126CC32A5414E1001D14F9 /* AppDelegate.swift in Sources */,
				AF126CC52A5414E1001D14F9 /* SceneDelegate.swift in Sources */,
				AFF8229A2A595EF200F0BB52 /* OnboardingViewController.swift in Sources */,
				AFF822A42A5D4FCA00F0BB52 /* HomeViewController.swift in Sources */,
				AFF822AC2A5D5FE200F0BB52 /* DishCategory.swift in Sources */,
				AF55F1332A61858D00363EAC /* DishLandscapeCollectionViewCell.swift in Sources */,
				AFF822AE2A5D7A6E00F0BB52 /* String+Extension.swift in Sources */,
				AF55F1262A61562900363EAC /* CardView.swift in Sources */,
				AFF822A12A5971D000F0BB52 /* OnboardingCollectionViewCell.swift in Sources */,
				AF55F12D2A615FBC00363EAC /* Dish.swift in Sources */,
				AF55F12A2A615BFE00363EAC /* DishPortraitCollectionViewCell.swift in Sources */,
			);
			runOnlyForDeploymentPostprocessing = 0;
		};
		AF126CD12A5414E2001D14F9 /* Sources */ = {
			isa = PBXSourcesBuildPhase;
			buildActionMask = 2147483647;
			files = (
				AF126CDA2A5414E2001D14F9 /* FoodOrderTests.swift in Sources */,
			);
			runOnlyForDeploymentPostprocessing = 0;
		};
		AF126CDB2A5414E3001D14F9 /* Sources */ = {
			isa = PBXSourcesBuildPhase;
			buildActionMask = 2147483647;
			files = (
				AF126CE42A5414E3001D14F9 /* FoodOrderUITests.swift in Sources */,
				AF126CE62A5414E3001D14F9 /* FoodOrderUITestsLaunchTests.swift in Sources */,
			);
			runOnlyForDeploymentPostprocessing = 0;
		};
/* End PBXSourcesBuildPhase section */

/* Begin PBXTargetDependency section */
		AF126CD72A5414E2001D14F9 /* PBXTargetDependency */ = {
			isa = PBXTargetDependency;
			target = AF126CBE2A5414E1001D14F9 /* FoodOrder */;
			targetProxy = AF126CD62A5414E2001D14F9 /* PBXContainerItemProxy */;
		};
		AF126CE12A5414E3001D14F9 /* PBXTargetDependency */ = {
			isa = PBXTargetDependency;
			target = AF126CBE2A5414E1001D14F9 /* FoodOrder */;
			targetProxy = AF126CE02A5414E3001D14F9 /* PBXContainerItemProxy */;
		};
/* End PBXTargetDependency section */

/* Begin PBXVariantGroup section */
		AF126CC82A5414E1001D14F9 /* Main.storyboard */ = {
			isa = PBXVariantGroup;
			children = (
				AF126CC92A5414E1001D14F9 /* Base */,
			);
			name = Main.storyboard;
			sourceTree = "<group>";
		};
		AF126CCD2A5414E2001D14F9 /* LaunchScreen.storyboard */ = {
			isa = PBXVariantGroup;
			children = (
				AF126CCE2A5414E2001D14F9 /* Base */,
			);
			name = LaunchScreen.storyboard;
			sourceTree = "<group>";
		};
/* End PBXVariantGroup section */

/* Begin XCBuildConfiguration section */
		AF126CE72A5414E3001D14F9 /* Debug */ = {
			isa = XCBuildConfiguration;
			buildSettings = {
				ALWAYS_SEARCH_USER_PATHS = NO;
				ASSETCATALOG_COMPILER_GENERATE_SWIFT_ASSET_SYMBOL_EXTENSIONS = YES;
				CLANG_ANALYZER_NONNULL = YES;
				CLANG_ANALYZER_NUMBER_OBJECT_CONVERSION = YES_AGGRESSIVE;
				CLANG_CXX_LANGUAGE_STANDARD = "gnu++20";
				CLANG_ENABLE_MODULES = YES;
				CLANG_ENABLE_OBJC_ARC = YES;
				CLANG_ENABLE_OBJC_WEAK = YES;
				CLANG_WARN_BLOCK_CAPTURE_AUTORELEASING = YES;
				CLANG_WARN_BOOL_CONVERSION = YES;
				CLANG_WARN_COMMA = YES;
				CLANG_WARN_CONSTANT_CONVERSION = YES;
				CLANG_WARN_DEPRECATED_OBJC_IMPLEMENTATIONS = YES;
				CLANG_WARN_DIRECT_OBJC_ISA_USAGE = YES_ERROR;
				CLANG_WARN_DOCUMENTATION_COMMENTS = YES;
				CLANG_WARN_EMPTY_BODY = YES;
				CLANG_WARN_ENUM_CONVERSION = YES;
				CLANG_WARN_INFINITE_RECURSION = YES;
				CLANG_WARN_INT_CONVERSION = YES;
				CLANG_WARN_NON_LITERAL_NULL_CONVERSION = YES;
				CLANG_WARN_OBJC_IMPLICIT_RETAIN_SELF = YES;
				CLANG_WARN_OBJC_LITERAL_CONVERSION = YES;
				CLANG_WARN_OBJC_ROOT_CLASS = YES_ERROR;
				CLANG_WARN_QUOTED_INCLUDE_IN_FRAMEWORK_HEADER = YES;
				CLANG_WARN_RANGE_LOOP_ANALYSIS = YES;
				CLANG_WARN_STRICT_PROTOTYPES = YES;
				CLANG_WARN_SUSPICIOUS_MOVE = YES;
				CLANG_WARN_UNGUARDED_AVAILABILITY = YES_AGGRESSIVE;
				CLANG_WARN_UNREACHABLE_CODE = YES;
				CLANG_WARN__DUPLICATE_METHOD_MATCH = YES;
				COPY_PHASE_STRIP = NO;
				DEBUG_INFORMATION_FORMAT = dwarf;
				ENABLE_STRICT_OBJC_MSGSEND = YES;
				ENABLE_TESTABILITY = YES;
				ENABLE_USER_SCRIPT_SANDBOXING = NO;
				GCC_C_LANGUAGE_STANDARD = gnu17;
				GCC_DYNAMIC_NO_PIC = NO;
				GCC_NO_COMMON_BLOCKS = YES;
				GCC_OPTIMIZATION_LEVEL = 0;
				GCC_PREPROCESSOR_DEFINITIONS = (
					"DEBUG=1",
					"$(inherited)",
				);
				GCC_WARN_64_TO_32_BIT_CONVERSION = YES;
				GCC_WARN_ABOUT_RETURN_TYPE = YES_ERROR;
				GCC_WARN_UNDECLARED_SELECTOR = YES;
				GCC_WARN_UNINITIALIZED_AUTOS = YES_AGGRESSIVE;
				GCC_WARN_UNUSED_FUNCTION = YES;
				GCC_WARN_UNUSED_VARIABLE = YES;
				IPHONEOS_DEPLOYMENT_TARGET = 15.0;
				LOCALIZATION_PREFERS_STRING_CATALOGS = YES;
				MTL_ENABLE_DEBUG_INFO = INCLUDE_SOURCE;
				MTL_FAST_MATH = YES;
				ONLY_ACTIVE_ARCH = YES;
				SDKROOT = iphoneos;
				SWIFT_ACTIVE_COMPILATION_CONDITIONS = "DEBUG $(inherited)";
				SWIFT_OPTIMIZATION_LEVEL = "-Onone";
			};
			name = Debug;
		};
		AF126CE82A5414E3001D14F9 /* Release */ = {
			isa = XCBuildConfiguration;
			buildSettings = {
				ALWAYS_SEARCH_USER_PATHS = NO;
				ASSETCATALOG_COMPILER_GENERATE_SWIFT_ASSET_SYMBOL_EXTENSIONS = YES;
				CLANG_ANALYZER_NONNULL = YES;
				CLANG_ANALYZER_NUMBER_OBJECT_CONVERSION = YES_AGGRESSIVE;
				CLANG_CXX_LANGUAGE_STANDARD = "gnu++20";
				CLANG_ENABLE_MODULES = YES;
				CLANG_ENABLE_OBJC_ARC = YES;
				CLANG_ENABLE_OBJC_WEAK = YES;
				CLANG_WARN_BLOCK_CAPTURE_AUTORELEASING = YES;
				CLANG_WARN_BOOL_CONVERSION = YES;
				CLANG_WARN_COMMA = YES;
				CLANG_WARN_CONSTANT_CONVERSION = YES;
				CLANG_WARN_DEPRECATED_OBJC_IMPLEMENTATIONS = YES;
				CLANG_WARN_DIRECT_OBJC_ISA_USAGE = YES_ERROR;
				CLANG_WARN_DOCUMENTATION_COMMENTS = YES;
				CLANG_WARN_EMPTY_BODY = YES;
				CLANG_WARN_ENUM_CONVERSION = YES;
				CLANG_WARN_INFINITE_RECURSION = YES;
				CLANG_WARN_INT_CONVERSION = YES;
				CLANG_WARN_NON_LITERAL_NULL_CONVERSION = YES;
				CLANG_WARN_OBJC_IMPLICIT_RETAIN_SELF = YES;
				CLANG_WARN_OBJC_LITERAL_CONVERSION = YES;
				CLANG_WARN_OBJC_ROOT_CLASS = YES_ERROR;
				CLANG_WARN_QUOTED_INCLUDE_IN_FRAMEWORK_HEADER = YES;
				CLANG_WARN_RANGE_LOOP_ANALYSIS = YES;
				CLANG_WARN_STRICT_PROTOTYPES = YES;
				CLANG_WARN_SUSPICIOUS_MOVE = YES;
				CLANG_WARN_UNGUARDED_AVAILABILITY = YES_AGGRESSIVE;
				CLANG_WARN_UNREACHABLE_CODE = YES;
				CLANG_WARN__DUPLICATE_METHOD_MATCH = YES;
				COPY_PHASE_STRIP = NO;
				DEBUG_INFORMATION_FORMAT = "dwarf-with-dsym";
				ENABLE_NS_ASSERTIONS = NO;
				ENABLE_STRICT_OBJC_MSGSEND = YES;
				ENABLE_USER_SCRIPT_SANDBOXING = NO;
				GCC_C_LANGUAGE_STANDARD = gnu17;
				GCC_NO_COMMON_BLOCKS = YES;
				GCC_WARN_64_TO_32_BIT_CONVERSION = YES;
				GCC_WARN_ABOUT_RETURN_TYPE = YES_ERROR;
				GCC_WARN_UNDECLARED_SELECTOR = YES;
				GCC_WARN_UNINITIALIZED_AUTOS = YES_AGGRESSIVE;
				GCC_WARN_UNUSED_FUNCTION = YES;
				GCC_WARN_UNUSED_VARIABLE = YES;
				IPHONEOS_DEPLOYMENT_TARGET = 15.0;
				LOCALIZATION_PREFERS_STRING_CATALOGS = YES;
				MTL_ENABLE_DEBUG_INFO = NO;
				MTL_FAST_MATH = YES;
				SDKROOT = iphoneos;
				SWIFT_COMPILATION_MODE = wholemodule;
				VALIDATE_PRODUCT = YES;
			};
			name = Release;
		};
		AF126CEA2A5414E3001D14F9 /* Debug */ = {
			isa = XCBuildConfiguration;
			baseConfigurationReference = 3B350933A87845D69C97EABE /* Pods-FoodOrder.debug.xcconfig */;
			buildSettings = {
				ASSETCATALOG_COMPILER_APPICON_NAME = AppIcon;
				ASSETCATALOG_COMPILER_GLOBAL_ACCENT_COLOR_NAME = AccentColor;
				CODE_SIGN_STYLE = Automatic;
				CURRENT_PROJECT_VERSION = 1;
				GENERATE_INFOPLIST_FILE = YES;
				INFOPLIST_FILE = FoodOrder/Info.plist;
				INFOPLIST_KEY_UIApplicationSupportsIndirectInputEvents = YES;
				INFOPLIST_KEY_UILaunchStoryboardName = LaunchScreen;
				INFOPLIST_KEY_UIMainStoryboardFile = Main;
				INFOPLIST_KEY_UISupportedInterfaceOrientations_iPad = "UIInterfaceOrientationPortrait UIInterfaceOrientationPortraitUpsideDown UIInterfaceOrientationLandscapeLeft UIInterfaceOrientationLandscapeRight";
				INFOPLIST_KEY_UISupportedInterfaceOrientations_iPhone = "UIInterfaceOrientationPortrait UIInterfaceOrientationLandscapeLeft UIInterfaceOrientationLandscapeRight";
				LD_RUNPATH_SEARCH_PATHS = (
					"$(inherited)",
					"@executable_path/Frameworks",
				);
				MARKETING_VERSION = 1.0;
				PRODUCT_BUNDLE_IDENTIFIER = resedat.FoodOrder;
				PRODUCT_NAME = "$(TARGET_NAME)";
				SUPPORTED_PLATFORMS = "iphoneos iphonesimulator";
				SUPPORTS_MACCATALYST = NO;
				SUPPORTS_MAC_DESIGNED_FOR_IPHONE_IPAD = NO;
				SWIFT_EMIT_LOC_STRINGS = YES;
				SWIFT_VERSION = 5.0;
				TARGETED_DEVICE_FAMILY = "1,2";
			};
			name = Debug;
		};
		AF126CEB2A5414E3001D14F9 /* Release */ = {
			isa = XCBuildConfiguration;
			baseConfigurationReference = 126EBFE2A12556CC2277B8B6 /* Pods-FoodOrder.release.xcconfig */;
			buildSettings = {
				ASSETCATALOG_COMPILER_APPICON_NAME = AppIcon;
				ASSETCATALOG_COMPILER_GLOBAL_ACCENT_COLOR_NAME = AccentColor;
				CODE_SIGN_STYLE = Automatic;
				CURRENT_PROJECT_VERSION = 1;
				GENERATE_INFOPLIST_FILE = YES;
				INFOPLIST_FILE = FoodOrder/Info.plist;
				INFOPLIST_KEY_UIApplicationSupportsIndirectInputEvents = YES;
				INFOPLIST_KEY_UILaunchStoryboardName = LaunchScreen;
				INFOPLIST_KEY_UIMainStoryboardFile = Main;
				INFOPLIST_KEY_UISupportedInterfaceOrientations_iPad = "UIInterfaceOrientationPortrait UIInterfaceOrientationPortraitUpsideDown UIInterfaceOrientationLandscapeLeft UIInterfaceOrientationLandscapeRight";
				INFOPLIST_KEY_UISupportedInterfaceOrientations_iPhone = "UIInterfaceOrientationPortrait UIInterfaceOrientationLandscapeLeft UIInterfaceOrientationLandscapeRight";
				LD_RUNPATH_SEARCH_PATHS = (
					"$(inherited)",
					"@executable_path/Frameworks",
				);
				MARKETING_VERSION = 1.0;
				PRODUCT_BUNDLE_IDENTIFIER = resedat.FoodOrder;
				PRODUCT_NAME = "$(TARGET_NAME)";
				SUPPORTED_PLATFORMS = "iphoneos iphonesimulator";
				SUPPORTS_MACCATALYST = NO;
				SUPPORTS_MAC_DESIGNED_FOR_IPHONE_IPAD = NO;
				SWIFT_EMIT_LOC_STRINGS = YES;
				SWIFT_VERSION = 5.0;
				TARGETED_DEVICE_FAMILY = "1,2";
			};
			name = Release;
		};
		AF126CED2A5414E3001D14F9 /* Debug */ = {
			isa = XCBuildConfiguration;
			baseConfigurationReference = D49A243042E54892C78C18FB /* Pods-FoodOrderTests.debug.xcconfig */;
			buildSettings = {
				ALWAYS_EMBED_SWIFT_STANDARD_LIBRARIES = YES;
				BUNDLE_LOADER = "$(TEST_HOST)";
				CODE_SIGN_STYLE = Automatic;
				CURRENT_PROJECT_VERSION = 1;
				GENERATE_INFOPLIST_FILE = YES;
				IPHONEOS_DEPLOYMENT_TARGET = 17.0;
				MARKETING_VERSION = 1.0;
				PRODUCT_BUNDLE_IDENTIFIER = resedat.FoodOrderTests;
				PRODUCT_NAME = "$(TARGET_NAME)";
				SWIFT_EMIT_LOC_STRINGS = NO;
				SWIFT_VERSION = 5.0;
				TARGETED_DEVICE_FAMILY = "1,2";
				TEST_HOST = "$(BUILT_PRODUCTS_DIR)/FoodOrder.app/$(BUNDLE_EXECUTABLE_FOLDER_PATH)/FoodOrder";
			};
			name = Debug;
		};
		AF126CEE2A5414E3001D14F9 /* Release */ = {
			isa = XCBuildConfiguration;
			baseConfigurationReference = C1079F19AC94BCE7A51EA6E5 /* Pods-FoodOrderTests.release.xcconfig */;
			buildSettings = {
				ALWAYS_EMBED_SWIFT_STANDARD_LIBRARIES = YES;
				BUNDLE_LOADER = "$(TEST_HOST)";
				CODE_SIGN_STYLE = Automatic;
				CURRENT_PROJECT_VERSION = 1;
				GENERATE_INFOPLIST_FILE = YES;
				IPHONEOS_DEPLOYMENT_TARGET = 17.0;
				MARKETING_VERSION = 1.0;
				PRODUCT_BUNDLE_IDENTIFIER = resedat.FoodOrderTests;
				PRODUCT_NAME = "$(TARGET_NAME)";
				SWIFT_EMIT_LOC_STRINGS = NO;
				SWIFT_VERSION = 5.0;
				TARGETED_DEVICE_FAMILY = "1,2";
				TEST_HOST = "$(BUILT_PRODUCTS_DIR)/FoodOrder.app/$(BUNDLE_EXECUTABLE_FOLDER_PATH)/FoodOrder";
			};
			name = Release;
		};
		AF126CF02A5414E3001D14F9 /* Debug */ = {
			isa = XCBuildConfiguration;
			baseConfigurationReference = 13FD1F045CD7780D79E50E98 /* Pods-FoodOrder-FoodOrderUITests.debug.xcconfig */;
			buildSettings = {
				ALWAYS_EMBED_SWIFT_STANDARD_LIBRARIES = YES;
				CODE_SIGN_STYLE = Automatic;
				CURRENT_PROJECT_VERSION = 1;
				GENERATE_INFOPLIST_FILE = YES;
				MARKETING_VERSION = 1.0;
				PRODUCT_BUNDLE_IDENTIFIER = resedat.FoodOrderUITests;
				PRODUCT_NAME = "$(TARGET_NAME)";
				SWIFT_EMIT_LOC_STRINGS = NO;
				SWIFT_VERSION = 5.0;
				TARGETED_DEVICE_FAMILY = "1,2";
				TEST_TARGET_NAME = FoodOrder;
			};
			name = Debug;
		};
		AF126CF12A5414E3001D14F9 /* Release */ = {
			isa = XCBuildConfiguration;
			baseConfigurationReference = A6D45FCA18003ABABB3AB983 /* Pods-FoodOrder-FoodOrderUITests.release.xcconfig */;
			buildSettings = {
				ALWAYS_EMBED_SWIFT_STANDARD_LIBRARIES = YES;
				CODE_SIGN_STYLE = Automatic;
				CURRENT_PROJECT_VERSION = 1;
				GENERATE_INFOPLIST_FILE = YES;
				MARKETING_VERSION = 1.0;
				PRODUCT_BUNDLE_IDENTIFIER = resedat.FoodOrderUITests;
				PRODUCT_NAME = "$(TARGET_NAME)";
				SWIFT_EMIT_LOC_STRINGS = NO;
				SWIFT_VERSION = 5.0;
				TARGETED_DEVICE_FAMILY = "1,2";
				TEST_TARGET_NAME = FoodOrder;
			};
			name = Release;
		};
/* End XCBuildConfiguration section */

/* Begin XCConfigurationList section */
		AF126CBA2A5414E1001D14F9 /* Build configuration list for PBXProject "FoodOrder" */ = {
			isa = XCConfigurationList;
			buildConfigurations = (
				AF126CE72A5414E3001D14F9 /* Debug */,
				AF126CE82A5414E3001D14F9 /* Release */,
			);
			defaultConfigurationIsVisible = 0;
			defaultConfigurationName = Release;
		};
		AF126CE92A5414E3001D14F9 /* Build configuration list for PBXNativeTarget "FoodOrder" */ = {
			isa = XCConfigurationList;
			buildConfigurations = (
				AF126CEA2A5414E3001D14F9 /* Debug */,
				AF126CEB2A5414E3001D14F9 /* Release */,
			);
			defaultConfigurationIsVisible = 0;
			defaultConfigurationName = Release;
		};
		AF126CEC2A5414E3001D14F9 /* Build configuration list for PBXNativeTarget "FoodOrderTests" */ = {
			isa = XCConfigurationList;
			buildConfigurations = (
				AF126CED2A5414E3001D14F9 /* Debug */,
				AF126CEE2A5414E3001D14F9 /* Release */,
			);
			defaultConfigurationIsVisible = 0;
			defaultConfigurationName = Release;
		};
		AF126CEF2A5414E3001D14F9 /* Build configuration list for PBXNativeTarget "FoodOrderUITests" */ = {
			isa = XCConfigurationList;
			buildConfigurations = (
				AF126CF02A5414E3001D14F9 /* Debug */,
				AF126CF12A5414E3001D14F9 /* Release */,
			);
			defaultConfigurationIsVisible = 0;
			defaultConfigurationName = Release;
		};
/* End XCConfigurationList section */
	};
	rootObject = AF126CB72A5414E1001D14F9 /* Project object */;
}
